
Microsoft Visual Studio Solution File, Format Version 12.00
# Visual Studio Version 17
VisualStudioVersion = 17.14.36127.28 d17.14
MinimumVisualStudioVersion = 10.0.40219.1
Project("{FAE04EC0-301F-11D3-BF4B-00C04F79EFBC}") = "CRUD API", "CRUD API.csproj", "{F6876446-852F-4782-B4DF-72D285B5A200}"
EndProject
Global
	GlobalSection(SolutionConfigurationPlatforms) = preSolution
		Debug|Any CPU = Debug|Any CPU
		Release|Any CPU = Release|Any CPU
	EndGlobalSection
	GlobalSection(ProjectConfigurationPlatforms) = postSolution
		{F6876446-852F-4782-B4DF-72D285B5A200}.Debug|Any CPU.ActiveCfg = Debug|Any CPU
		{F6876446-852F-4782-B4DF-72D285B5A200}.Debug|Any CPU.Build.0 = Debug|Any CPU
		{F6876446-852F-4782-B4DF-72D285B5A200}.Release|Any CPU.ActiveCfg = Release|Any CPU
		{F6876446-852F-4782-B4DF-72D285B5A200}.Release|Any CPU.Build.0 = Release|Any CPU
	EndGlobalSection
	GlobalSection(SolutionProperties) = preSolution
		HideSolutionNode = FALSE
	EndGlobalSection
	GlobalSection(ExtensibilityGlobals) = postSolution
		SolutionGuid = {D258C4B5-7C21-4AB8-A032-75C9E9547DD9}
	EndGlobalSection
EndGlobal
